// !$*UTF8*$!
{
	archiveVersion = 1;
	classes = {
	};
	objectVersion = 46;
	objects = {

/* Begin PBXBuildFile section */
		210A29DB1D20E3BC001514DB /* AppDelegate.swift in Sources */ = {isa = PBXBuildFile; fileRef = 210A29DA1D20E3BC001514DB /* AppDelegate.swift */; };
		210A29DD1D20E3BC001514DB /* ViewController.swift in Sources */ = {isa = PBXBuildFile; fileRef = 210A29DC1D20E3BC001514DB /* ViewController.swift */; };
		210A29E01D20E3BC001514DB /* Main.storyboard in Resources */ = {isa = PBXBuildFile; fileRef = 210A29DE1D20E3BC001514DB /* Main.storyboard */; };
		210A29E21D20E3BC001514DB /* Assets.xcassets in Resources */ = {isa = PBXBuildFile; fileRef = 210A29E11D20E3BC001514DB /* Assets.xcassets */; };
		210A29E51D20E3BC001514DB /* LaunchScreen.storyboard in Resources */ = {isa = PBXBuildFile; fileRef = 210A29E31D20E3BC001514DB /* LaunchScreen.storyboard */; };
		210A29ED1D20E50D001514DB /* cat.png in Resources */ = {isa = PBXBuildFile; fileRef = 210A29EC1D20E50D001514DB /* cat.png */; };
		210A29EF1D222B83001514DB /* cat.mp3 in Resources */ = {isa = PBXBuildFile; fileRef = 210A29EE1D222B83001514DB /* cat.mp3 */; };
/* End PBXBuildFile section */

/* Begin PBXFileReference section */
		210A29D71D20E3BC001514DB /* Cat Years.app */ = {isa = PBXFileReference; explicitFileType = wrapper.application; includeInIndex = 0; path = "Cat Years.app"; sourceTree = BUILT_PRODUCTS_DIR; };
		210A29DA1D20E3BC001514DB /* AppDelegate.swift */ = {isa = PBXFileReference; lastKnownFileType = sourcecode.swift; path = AppDelegate.swift; sourceTree = "<group>"; };
		210A29DC1D20E3BC001514DB /* ViewController.swift */ = {isa = PBXFileReference; lastKnownFileType = sourcecode.swift; path = ViewController.swift; sourceTree = "<group>"; };
		210A29DF1D20E3BC001514DB /* Base */ = {isa = PBXFileReference; lastKnownFileType = file.storyboard; name = Base; path = Base.lproj/Main.storyboard; sourceTree = "<group>"; };
		210A29E11D20E3BC001514DB /* Assets.xcassets */ = {isa = PBXFileReference; lastKnownFileType = folder.assetcatalog; path = Assets.xcassets; sourceTree = "<group>"; };
		210A29E41D20E3BC001514DB /* Base */ = {isa = PBXFileReference; lastKnownFileType = file.storyboard; name = Base; path = Base.lproj/LaunchScreen.storyboard; sourceTree = "<group>"; };
		210A29E61D20E3BC001514DB /* Info.plist */ = {isa = PBXFileReference; lastKnownFileType = text.plist.xml; path = Info.plist; sourceTree = "<group>"; };
		210A29EC1D20E50D001514DB /* cat.png */ = {isa = PBXFileReference; lastKnownFileType = image.png; path = cat.png; sourceTree = "<group>"; };
		210A29EE1D222B83001514DB /* cat.mp3 */ = {isa = PBXFileReference; lastKnownFileType = audio.mp3; path = cat.mp3; sourceTree = "<group>"; };
/* End PBXFileReference section */

/* Begin PBXFrameworksBuildPhase section */
		210A29D41D20E3BC001514DB /* Frameworks */ = {
			isa = PBXFrameworksBuildPhase;
			buildActionMask = 2147483647;
			files = (
			);
			runOnlyForDeploymentPostprocessing = 0;
		};
/* End PBXFrameworksBuildPhase section */

/* Begin PBXGroup section */
		210A29CE1D20E3BC001514DB = {
			isa = PBXGroup;
			children = (
				210A29D91D20E3BC001514DB /* Cat Years */,
				210A29D81D20E3BC001514DB /* Products */,
			);
			sourceTree = "<group>";
		};
		210A29D81D20E3BC001514DB /* Products */ = {
			isa = PBXGroup;
			children = (
				210A29D71D20E3BC001514DB /* Cat Years.app */,
			);
			name = Products;
			sourceTree = "<group>";
		};
		210A29D91D20E3BC001514DB /* Cat Years */ = {
			isa = PBXGroup;
			children = (
				210A29DA1D20E3BC001514DB /* AppDelegate.swift */,
				210A29DC1D20E3BC001514DB /* ViewController.swift */,
				210A29EE1D222B83001514DB /* cat.mp3 */,
				210A29EC1D20E50D001514DB /* cat.png */,
				210A29DE1D20E3BC001514DB /* Main.storyboard */,
				210A29E11D20E3BC001514DB /* Assets.xcassets */,
				210A29E31D20E3BC001514DB /* LaunchScreen.storyboard */,
				210A29E61D20E3BC001514DB /* Info.plist */,
			);
			path = "Cat Years";
			sourceTree = "<group>";
		};
/* End PBXGroup section */

/* Begin PBXNativeTarget section */
		210A29D61D20E3BC001514DB /* Cat Years */ = {
			isa = PBXNativeTarget;
			buildConfigurationList = 210A29E91D20E3BC001514DB /* Build configuration list for PBXNativeTarget "Cat Years" */;
			buildPhases = (
				210A29D31D20E3BC001514DB /* Sources */,
				210A29D41D20E3BC001514DB /* Frameworks */,
				210A29D51D20E3BC001514DB /* Resources */,
			);
			buildRules = (
			);
			dependencies = (
			);
			name = "Cat Years";
			productName = "Cat Years";
			productReference = 210A29D71D20E3BC001514DB /* Cat Years.app */;
			productType = "com.apple.product-type.application";
		};
/* End PBXNativeTarget section */

/* Begin PBXProject section */
		210A29CF1D20E3BC001514DB /* Project object */ = {
			isa = PBXProject;
			attributes = {
				LastSwiftUpdateCheck = 0730;
				LastUpgradeCheck = 0730;
				ORGANIZATIONNAME = "Hatice Gursoy";
				TargetAttributes = {
					210A29D61D20E3BC001514DB = {
						CreatedOnToolsVersion = 7.3.1;
						DevelopmentTeam = 4S6RANP998;
					};
				};
			};
			buildConfigurationList = 210A29D21D20E3BC001514DB /* Build configuration list for PBXProject "Cat Years" */;
			compatibilityVersion = "Xcode 3.2";
			developmentRegion = English;
			hasScannedForEncodings = 0;
			knownRegions = (
				en,
				Base,
			);
			mainGroup = 210A29CE1D20E3BC001514DB;
			productRefGroup = 210A29D81D20E3BC001514DB /* Products */;
			projectDirPath = "";
			projectRoot = "";
			targets = (
				210A29D61D20E3BC001514DB /* Cat Years */,
			);
		};
/* End PBXProject section */

/* Begin PBXResourcesBuildPhase section */
		210A29D51D20E3BC001514DB /* Resources */ = {
			isa = PBXResourcesBuildPhase;
			buildActionMask = 2147483647;
			files = (
				210A29EF1D222B83001514DB /* cat.mp3 in Resources */,
				210A29E51D20E3BC001514DB /* LaunchScreen.storyboard in Resources */,
				210A29E21D20E3BC001514DB /* Assets.xcassets in Resources */,
				210A29ED1D20E50D001514DB /* cat.png in Resources */,
				210A29E01D20E3BC001514DB /* Main.storyboard in Resources */,
			);
			runOnlyForDeploymentPostprocessing = 0;
		};
/* End PBXResourcesBuildPhase section */

/* Begin PBXSourcesBuildPhase section */
		210A29D31D20E3BC001514DB /* Sources */ = {
			isa = PBXSourcesBuildPhase;
			buildActionMask = 2147483647;
			files = (
				210A29DD1D20E3BC001514DB /* ViewController.swift in Sources */,
				210A29DB1D20E3BC001514DB /* AppDelegate.swift in Sources */,
			);
			runOnlyForDeploymentPostprocessing = 0;
		};
/* End PBXSourcesBuildPhase section */

/* Begin PBXVariantGroup section */
		210A29DE1D20E3BC001514DB /* Main.storyboard */ = {
			isa = PBXVariantGroup;
			children = (
				210A29DF1D20E3BC001514DB /* Base */,
			);
			name = Main.storyboard;
			sourceTree = "<group>";
		};
		210A29E31D20E3BC001514DB /* LaunchScreen.storyboard */ = {
			isa = PBXVariantGroup;
			children = (
				210A29E41D20E3BC001514DB /* Base */,
			);
			name = LaunchScreen.storyboard;
			sourceTree = "<group>";
		};
/* End PBXVariantGroup section */

/* Begin XCBuildConfiguration section */
		210A29E71D20E3BC001514DB /* Debug */ = {
			isa = XCBuildConfiguration;
			buildSettings = {
				ALWAYS_SEARCH_USER_PATHS = NO;
				CLANG_ANALYZER_NONNULL = YES;
				CLANG_CXX_LANGUAGE_STANDARD = "gnu++0x";
				CLANG_CXX_LIBRARY = "libc++";
				CLANG_ENABLE_MODULES = YES;
				CLANG_ENABLE_OBJC_ARC = YES;
				CLANG_WARN_BOOL_CONVERSION = YES;
				CLANG_WARN_CONSTANT_CONVERSION = YES;
				CLANG_WARN_DIRECT_OBJC_ISA_USAGE = YES_ERROR;
				CLANG_WARN_EMPTY_BODY = YES;
				CLANG_WARN_ENUM_CONVERSION = YES;
				CLANG_WARN_INT_CONVERSION = YES;
				CLANG_WARN_OBJC_ROOT_CLASS = YES_ERROR;
				CLANG_WARN_UNREACHABLE_CODE = YES;
				CLANG_WARN__DUPLICATE_METHOD_MATCH = YES;
				"CODE_SIGN_IDENTITY[sdk=iphoneos*]" = "iPhone Developer";
				COPY_PHASE_STRIP = NO;
				DEBUG_INFORMATION_FORMAT = dwarf;
				ENABLE_STRICT_OBJC_MSGSEND = YES;
				ENABLE_TESTABILITY = YES;
				GCC_C_LANGUAGE_STANDARD = gnu99;
				GCC_DYNAMIC_NO_PIC = NO;
				GCC_NO_COMMON_BLOCKS = YES;
				GCC_OPTIMIZATION_LEVEL = 0;
				GCC_PREPROCESSOR_DEFINITIONS = (
					"DEBUG=1",
					"$(inherited)",
				);
				GCC_WARN_64_TO_32_BIT_CONVERSION = YES;
				GCC_WARN_ABOUT_RETURN_TYPE = YES_ERROR;
				GCC_WARN_UNDECLARED_SELECTOR = YES;
				GCC_WARN_UNINITIALIZED_AUTOS = YES_AGGRESSIVE;
				GCC_WARN_UNUSED_FUNCTION = YES;
				GCC_WARN_UNUSED_VARIABLE = YES;
				IPHONEOS_DEPLOYMENT_TARGET = 9.3;
				MTL_ENABLE_DEBUG_INFO = YES;
				ONLY_ACTIVE_ARCH = YES;
				SDKROOT = iphoneos;
				SWIFT_OPTIMIZATION_LEVEL = "-Onone";
			};
			name = Debug;
		};
		210A29E81D20E3BC001514DB /* Release */ = {
			isa = XCBuildConfiguration;
			buildSettings = {
				ALWAYS_SEARCH_USER_PATHS = NO;
				CLANG_ANALYZER_NONNULL = YES;
				CLANG_CXX_LANGUAGE_STANDARD = "gnu++0x";
				CLANG_CXX_LIBRARY = "libc++";
				CLANG_ENABLE_MODULES = YES;
				CLANG_ENABLE_OBJC_ARC = YES;
				CLANG_WARN_BOOL_CONVERSION = YES;
				CLANG_WARN_CONSTANT_CONVERSION = YES;
				CLANG_WARN_DIRECT_OBJC_ISA_USAGE = YES_ERROR;
				CLANG_WARN_EMPTY_BODY = YES;
				CLANG_WARN_ENUM_CONVERSION = YES;
				CLANG_WARN_INT_CONVERSION = YES;
				CLANG_WARN_OBJC_ROOT_CLASS = YES_ERROR;
				CLANG_WARN_UNREACHABLE_CODE = YES;
				CLANG_WARN__DUPLICATE_METHOD_MATCH = YES;
				"CODE_SIGN_IDENTITY[sdk=iphoneos*]" = "iPhone Developer";
				COPY_PHASE_STRIP = NO;
				DEBUG_INFORMATION_FORMAT = "dwarf-with-dsym";
				ENABLE_NS_ASSERTIONS = NO;
				ENABLE_STRICT_OBJC_MSGSEND = YES;
				GCC_C_LANGUAGE_STANDARD = gnu99;
				GCC_NO_COMMON_BLOCKS = YES;
				GCC_WARN_64_TO_32_BIT_CONVERSION = YES;
				GCC_WARN_ABOUT_RETURN_TYPE = YES_ERROR;
				GCC_WARN_UNDECLARED_SELECTOR = YES;
				GCC_WARN_UNINITIALIZED_AUTOS = YES_AGGRESSIVE;
				GCC_WARN_UNUSED_FUNCTION = YES;
				GCC_WARN_UNUSED_VARIABLE = YES;
				IPHONEOS_DEPLOYMENT_TARGET = 9.3;
				MTL_ENABLE_DEBUG_INFO = NO;
				SDKROOT = iphoneos;
				VALIDATE_PRODUCT = YES;
			};
			name = Release;
		};
		210A29EA1D20E3BC001514DB /* Debug */ = {
			isa = XCBuildConfiguration;
			buildSettings = {
				ASSETCATALOG_COMPILER_APPICON_NAME = AppIcon;
				CODE_SIGN_IDENTITY = "iPhone Developer";
				"CODE_SIGN_IDENTITY[sdk=iphoneos*]" = "iPhone Developer";
				INFOPLIST_FILE = "Cat Years/Info.plist";
				IPHONEOS_DEPLOYMENT_TARGET = 8.0;
				LD_RUNPATH_SEARCH_PATHS = "$(inherited) @executable_path/Frameworks";
				PRODUCT_BUNDLE_IDENTIFIER = "com.gursoyhc.Cat-Years";
				PRODUCT_NAME = "$(TARGET_NAME)";
				PROVISIONING_PROFILE = "";
				TARGETED_DEVICE_FAMILY = "1,2";
			};
			name = Debug;
		};
		210A29EB1D20E3BC001514DB /* Release */ = {
			isa = XCBuildConfiguration;
			buildSettings = {
				ASSETCATALOG_COMPILER_APPICON_NAME = AppIcon;
				CODE_SIGN_IDENTITY = "iPhone Developer";
				"CODE_SIGN_IDENTITY[sdk=iphoneos*]" = "iPhone Developer";
				INFOPLIST_FILE = "Cat Years/Info.plist";
				IPHONEOS_DEPLOYMENT_TARGET = 8.0;
				LD_RUNPATH_SEARCH_PATHS = "$(inherited) @executable_path/Frameworks";
				PRODUCT_BUNDLE_IDENTIFIER = "com.gursoyhc.Cat-Years";
				PRODUCT_NAME = "$(TARGET_NAME)";
				PROVISIONING_PROFILE = "";
				TARGETED_DEVICE_FAMILY = "1,2";
			};
			name = Release;
		};
/* End XCBuildConfiguration section */

/* Begin XCConfigurationList section */
		210A29D21D20E3BC001514DB /* Build configuration list for PBXProject "Cat Years" */ = {
			isa = XCConfigurationList;
			buildConfigurations = (
				210A29E71D20E3BC001514DB /* Debug */,
				210A29E81D20E3BC001514DB /* Release */,
			);
			defaultConfigurationIsVisible = 0;
			defaultConfigurationName = Release;
		};
		210A29E91D20E3BC001514DB /* Build configuration list for PBXNativeTarget "Cat Years" */ = {
			isa = XCConfigurationList;
			buildConfigurations = (
				210A29EA1D20E3BC001514DB /* Debug */,
				210A29EB1D20E3BC001514DB /* Release */,
			);
			defaultConfigurationIsVisible = 0;
			defaultConfigurationName = Release;
		};
/* End XCConfigurationList section */
	};
	rootObject = 210A29CF1D20E3BC001514DB /* Project object */;
}
