// !$*UTF8*$!
{
	archiveVersion = 1;
	classes = {
	};
	objectVersion = 46;
	objects = {

/* Begin PBXBuildFile section */
		21360C371D4F1C2C000AB864 /* AppDelegate.swift in Sources */ = {isa = PBXBuildFile; fileRef = 21360C361D4F1C2C000AB864 /* AppDelegate.swift */; };
		21360C391D4F1C2C000AB864 /* MapViewController.swift in Sources */ = {isa = PBXBuildFile; fileRef = 21360C381D4F1C2C000AB864 /* MapViewController.swift */; };
		21360C3C1D4F1C2C000AB864 /* Main.storyboard in Resources */ = {isa = PBXBuildFile; fileRef = 21360C3A1D4F1C2C000AB864 /* Main.storyboard */; };
		21360C3E1D4F1C2C000AB864 /* Assets.xcassets in Resources */ = {isa = PBXBuildFile; fileRef = 21360C3D1D4F1C2C000AB864 /* Assets.xcassets */; };
		21360C411D4F1C2C000AB864 /* LaunchScreen.storyboard in Resources */ = {isa = PBXBuildFile; fileRef = 21360C3F1D4F1C2C000AB864 /* LaunchScreen.storyboard */; };
		21360C4D1D504ADD000AB864 /* TableViewController.swift in Sources */ = {isa = PBXBuildFile; fileRef = 21360C4C1D504ADD000AB864 /* TableViewController.swift */; };
		21360C4F1D504F74000AB864 /* CoreLocation.framework in Frameworks */ = {isa = PBXBuildFile; fileRef = 21360C4E1D504F74000AB864 /* CoreLocation.framework */; };
		2186727D1D6408FD00359C5E /* Memorable_Places.xcdatamodeld in Sources */ = {isa = PBXBuildFile; fileRef = 2186727B1D6408FD00359C5E /* Memorable_Places.xcdatamodeld */; };
		219700001D6159BE00ACF833 /* DetailsViewController.swift in Sources */ = {isa = PBXBuildFile; fileRef = 2197FFFF1D6159BE00ACF833 /* DetailsViewController.swift */; };
		2197FFFC1D61430E00ACF833 /* MemorablePlaceManager.swift in Sources */ = {isa = PBXBuildFile; fileRef = 2197FFFB1D61430E00ACF833 /* MemorablePlaceManager.swift */; };
		2197FFFE1D61443F00ACF833 /* MemorablePlace.swift in Sources */ = {isa = PBXBuildFile; fileRef = 2197FFFD1D61443F00ACF833 /* MemorablePlace.swift */; };
/* End PBXBuildFile section */

/* Begin PBXFileReference section */
		21360C331D4F1C2C000AB864 /* Memorable Places.app */ = {isa = PBXFileReference; explicitFileType = wrapper.application; includeInIndex = 0; path = "Memorable Places.app"; sourceTree = BUILT_PRODUCTS_DIR; };
		21360C361D4F1C2C000AB864 /* AppDelegate.swift */ = {isa = PBXFileReference; lastKnownFileType = sourcecode.swift; path = AppDelegate.swift; sourceTree = "<group>"; };
		21360C381D4F1C2C000AB864 /* MapViewController.swift */ = {isa = PBXFileReference; lastKnownFileType = sourcecode.swift; path = MapViewController.swift; sourceTree = "<group>"; };
		21360C3B1D4F1C2C000AB864 /* Base */ = {isa = PBXFileReference; lastKnownFileType = file.storyboard; name = Base; path = Base.lproj/Main.storyboard; sourceTree = "<group>"; };
		21360C3D1D4F1C2C000AB864 /* Assets.xcassets */ = {isa = PBXFileReference; lastKnownFileType = folder.assetcatalog; path = Assets.xcassets; sourceTree = "<group>"; };
		21360C401D4F1C2C000AB864 /* Base */ = {isa = PBXFileReference; lastKnownFileType = file.storyboard; name = Base; path = Base.lproj/LaunchScreen.storyboard; sourceTree = "<group>"; };
		21360C421D4F1C2C000AB864 /* Info.plist */ = {isa = PBXFileReference; lastKnownFileType = text.plist.xml; path = Info.plist; sourceTree = "<group>"; };
		21360C4C1D504ADD000AB864 /* TableViewController.swift */ = {isa = PBXFileReference; fileEncoding = 4; lastKnownFileType = sourcecode.swift; path = TableViewController.swift; sourceTree = "<group>"; };
		21360C4E1D504F74000AB864 /* CoreLocation.framework */ = {isa = PBXFileReference; lastKnownFileType = wrapper.framework; name = CoreLocation.framework; path = System/Library/Frameworks/CoreLocation.framework; sourceTree = SDKROOT; };
		2186727C1D6408FD00359C5E /* Memorable_Places.xcdatamodel */ = {isa = PBXFileReference; lastKnownFileType = wrapper.xcdatamodel; path = Memorable_Places.xcdatamodel; sourceTree = "<group>"; };
		2197FFFB1D61430E00ACF833 /* MemorablePlaceManager.swift */ = {isa = PBXFileReference; fileEncoding = 4; lastKnownFileType = sourcecode.swift; path = MemorablePlaceManager.swift; sourceTree = "<group>"; };
		2197FFFD1D61443F00ACF833 /* MemorablePlace.swift */ = {isa = PBXFileReference; fileEncoding = 4; lastKnownFileType = sourcecode.swift; path = MemorablePlace.swift; sourceTree = "<group>"; };
		2197FFFF1D6159BE00ACF833 /* DetailsViewController.swift */ = {isa = PBXFileReference; fileEncoding = 4; lastKnownFileType = sourcecode.swift; path = DetailsViewController.swift; sourceTree = "<group>"; };
/* End PBXFileReference section */

/* Begin PBXFrameworksBuildPhase section */
		21360C301D4F1C2C000AB864 /* Frameworks */ = {
			isa = PBXFrameworksBuildPhase;
			buildActionMask = 2147483647;
			files = (
				21360C4F1D504F74000AB864 /* CoreLocation.framework in Frameworks */,
			);
			runOnlyForDeploymentPostprocessing = 0;
		};
/* End PBXFrameworksBuildPhase section */

/* Begin PBXGroup section */
		21360C2A1D4F1C2C000AB864 = {
			isa = PBXGroup;
			children = (
				21360C4E1D504F74000AB864 /* CoreLocation.framework */,
				21360C351D4F1C2C000AB864 /* Memorable Places */,
				21360C341D4F1C2C000AB864 /* Products */,
			);
			sourceTree = "<group>";
		};
		21360C341D4F1C2C000AB864 /* Products */ = {
			isa = PBXGroup;
			children = (
				21360C331D4F1C2C000AB864 /* Memorable Places.app */,
			);
			name = Products;
			sourceTree = "<group>";
		};
		21360C351D4F1C2C000AB864 /* Memorable Places */ = {
			isa = PBXGroup;
			children = (
				21360C361D4F1C2C000AB864 /* AppDelegate.swift */,
				21360C381D4F1C2C000AB864 /* MapViewController.swift */,
				2197FFFB1D61430E00ACF833 /* MemorablePlaceManager.swift */,
				2197FFFD1D61443F00ACF833 /* MemorablePlace.swift */,
				21360C3A1D4F1C2C000AB864 /* Main.storyboard */,
				2197FFFF1D6159BE00ACF833 /* DetailsViewController.swift */,
				21360C4C1D504ADD000AB864 /* TableViewController.swift */,
				21360C3D1D4F1C2C000AB864 /* Assets.xcassets */,
				21360C3F1D4F1C2C000AB864 /* LaunchScreen.storyboard */,
				21360C421D4F1C2C000AB864 /* Info.plist */,
				2186727B1D6408FD00359C5E /* Memorable_Places.xcdatamodeld */,
			);
			path = "Memorable Places";
			sourceTree = "<group>";
		};
/* End PBXGroup section */

/* Begin PBXNativeTarget section */
		21360C321D4F1C2C000AB864 /* Memorable Places */ = {
			isa = PBXNativeTarget;
			buildConfigurationList = 21360C451D4F1C2C000AB864 /* Build configuration list for PBXNativeTarget "Memorable Places" */;
			buildPhases = (
				21360C2F1D4F1C2C000AB864 /* Sources */,
				21360C301D4F1C2C000AB864 /* Frameworks */,
				21360C311D4F1C2C000AB864 /* Resources */,
			);
			buildRules = (
			);
			dependencies = (
			);
			name = "Memorable Places";
			productName = "Memorable Places";
			productReference = 21360C331D4F1C2C000AB864 /* Memorable Places.app */;
			productType = "com.apple.product-type.application";
		};
/* End PBXNativeTarget section */

/* Begin PBXProject section */
		21360C2B1D4F1C2C000AB864 /* Project object */ = {
			isa = PBXProject;
			attributes = {
				LastSwiftUpdateCheck = 0730;
				LastUpgradeCheck = 0810;
				ORGANIZATIONNAME = "Hatice Gursoy";
				TargetAttributes = {
					21360C321D4F1C2C000AB864 = {
						CreatedOnToolsVersion = 7.3.1;
						DevelopmentTeam = 4S6RANP998;
						LastSwiftMigration = 0810;
					};
				};
			};
			buildConfigurationList = 21360C2E1D4F1C2C000AB864 /* Build configuration list for PBXProject "Memorable Places" */;
			compatibilityVersion = "Xcode 3.2";
			developmentRegion = English;
			hasScannedForEncodings = 0;
			knownRegions = (
				en,
				Base,
			);
			mainGroup = 21360C2A1D4F1C2C000AB864;
			productRefGroup = 21360C341D4F1C2C000AB864 /* Products */;
			projectDirPath = "";
			projectRoot = "";
			targets = (
				21360C321D4F1C2C000AB864 /* Memorable Places */,
			);
		};
/* End PBXProject section */

/* Begin PBXResourcesBuildPhase section */
		21360C311D4F1C2C000AB864 /* Resources */ = {
			isa = PBXResourcesBuildPhase;
			buildActionMask = 2147483647;
			files = (
				21360C411D4F1C2C000AB864 /* LaunchScreen.storyboard in Resources */,
				21360C3E1D4F1C2C000AB864 /* Assets.xcassets in Resources */,
				21360C3C1D4F1C2C000AB864 /* Main.storyboard in Resources */,
			);
			runOnlyForDeploymentPostprocessing = 0;
		};
/* End PBXResourcesBuildPhase section */

/* Begin PBXSourcesBuildPhase section */
		21360C2F1D4F1C2C000AB864 /* Sources */ = {
			isa = PBXSourcesBuildPhase;
			buildActionMask = 2147483647;
			files = (
				2197FFFE1D61443F00ACF833 /* MemorablePlace.swift in Sources */,
				21360C391D4F1C2C000AB864 /* MapViewController.swift in Sources */,
				21360C4D1D504ADD000AB864 /* TableViewController.swift in Sources */,
				2197FFFC1D61430E00ACF833 /* MemorablePlaceManager.swift in Sources */,
				21360C371D4F1C2C000AB864 /* AppDelegate.swift in Sources */,
				2186727D1D6408FD00359C5E /* Memorable_Places.xcdatamodeld in Sources */,
				219700001D6159BE00ACF833 /* DetailsViewController.swift in Sources */,
			);
			runOnlyForDeploymentPostprocessing = 0;
		};
/* End PBXSourcesBuildPhase section */

/* Begin PBXVariantGroup section */
		21360C3A1D4F1C2C000AB864 /* Main.storyboard */ = {
			isa = PBXVariantGroup;
			children = (
				21360C3B1D4F1C2C000AB864 /* Base */,
			);
			name = Main.storyboard;
			sourceTree = "<group>";
		};
		21360C3F1D4F1C2C000AB864 /* LaunchScreen.storyboard */ = {
			isa = PBXVariantGroup;
			children = (
				21360C401D4F1C2C000AB864 /* Base */,
			);
			name = LaunchScreen.storyboard;
			sourceTree = "<group>";
		};
/* End PBXVariantGroup section */

/* Begin XCBuildConfiguration section */
		21360C431D4F1C2C000AB864 /* Debug */ = {
			isa = XCBuildConfiguration;
			buildSettings = {
				ALWAYS_SEARCH_USER_PATHS = NO;
				CLANG_ANALYZER_NONNULL = YES;
				CLANG_CXX_LANGUAGE_STANDARD = "gnu++0x";
				CLANG_CXX_LIBRARY = "libc++";
				CLANG_ENABLE_MODULES = YES;
				CLANG_ENABLE_OBJC_ARC = YES;
				CLANG_WARN_BOOL_CONVERSION = YES;
				CLANG_WARN_CONSTANT_CONVERSION = YES;
				CLANG_WARN_DIRECT_OBJC_ISA_USAGE = YES_ERROR;
				CLANG_WARN_EMPTY_BODY = YES;
				CLANG_WARN_ENUM_CONVERSION = YES;
				CLANG_WARN_INFINITE_RECURSION = YES;
				CLANG_WARN_INT_CONVERSION = YES;
				CLANG_WARN_OBJC_ROOT_CLASS = YES_ERROR;
				CLANG_WARN_SUSPICIOUS_MOVE = YES;
				CLANG_WARN_UNREACHABLE_CODE = YES;
				CLANG_WARN__DUPLICATE_METHOD_MATCH = YES;
				"CODE_SIGN_IDENTITY[sdk=iphoneos*]" = "iPhone Developer";
				COPY_PHASE_STRIP = NO;
				DEBUG_INFORMATION_FORMAT = dwarf;
				ENABLE_STRICT_OBJC_MSGSEND = YES;
				ENABLE_TESTABILITY = YES;
				GCC_C_LANGUAGE_STANDARD = gnu99;
				GCC_DYNAMIC_NO_PIC = NO;
				GCC_NO_COMMON_BLOCKS = YES;
				GCC_OPTIMIZATION_LEVEL = 0;
				GCC_PREPROCESSOR_DEFINITIONS = (
					"DEBUG=1",
					"$(inherited)",
				);
				GCC_WARN_64_TO_32_BIT_CONVERSION = YES;
				GCC_WARN_ABOUT_RETURN_TYPE = YES_ERROR;
				GCC_WARN_UNDECLARED_SELECTOR = YES;
				GCC_WARN_UNINITIALIZED_AUTOS = YES_AGGRESSIVE;
				GCC_WARN_UNUSED_FUNCTION = YES;
				GCC_WARN_UNUSED_VARIABLE = YES;
				IPHONEOS_DEPLOYMENT_TARGET = 9.2;
				MTL_ENABLE_DEBUG_INFO = YES;
				ONLY_ACTIVE_ARCH = YES;
				SDKROOT = iphoneos;
				SWIFT_OPTIMIZATION_LEVEL = "-Onone";
				TARGETED_DEVICE_FAMILY = "1,2";
			};
			name = Debug;
		};
		21360C441D4F1C2C000AB864 /* Release */ = {
			isa = XCBuildConfiguration;
			buildSettings = {
				ALWAYS_SEARCH_USER_PATHS = NO;
				CLANG_ANALYZER_NONNULL = YES;
				CLANG_CXX_LANGUAGE_STANDARD = "gnu++0x";
				CLANG_CXX_LIBRARY = "libc++";
				CLANG_ENABLE_MODULES = YES;
				CLANG_ENABLE_OBJC_ARC = YES;
				CLANG_WARN_BOOL_CONVERSION = YES;
				CLANG_WARN_CONSTANT_CONVERSION = YES;
				CLANG_WARN_DIRECT_OBJC_ISA_USAGE = YES_ERROR;
				CLANG_WARN_EMPTY_BODY = YES;
				CLANG_WARN_ENUM_CONVERSION = YES;
				CLANG_WARN_INFINITE_RECURSION = YES;
				CLANG_WARN_INT_CONVERSION = YES;
				CLANG_WARN_OBJC_ROOT_CLASS = YES_ERROR;
				CLANG_WARN_SUSPICIOUS_MOVE = YES;
				CLANG_WARN_UNREACHABLE_CODE = YES;
				CLANG_WARN__DUPLICATE_METHOD_MATCH = YES;
				"CODE_SIGN_IDENTITY[sdk=iphoneos*]" = "iPhone Developer";
				COPY_PHASE_STRIP = NO;
				DEBUG_INFORMATION_FORMAT = "dwarf-with-dsym";
				ENABLE_NS_ASSERTIONS = NO;
				ENABLE_STRICT_OBJC_MSGSEND = YES;
				GCC_C_LANGUAGE_STANDARD = gnu99;
				GCC_NO_COMMON_BLOCKS = YES;
				GCC_WARN_64_TO_32_BIT_CONVERSION = YES;
				GCC_WARN_ABOUT_RETURN_TYPE = YES_ERROR;
				GCC_WARN_UNDECLARED_SELECTOR = YES;
				GCC_WARN_UNINITIALIZED_AUTOS = YES_AGGRESSIVE;
				GCC_WARN_UNUSED_FUNCTION = YES;
				GCC_WARN_UNUSED_VARIABLE = YES;
				IPHONEOS_DEPLOYMENT_TARGET = 9.2;
				MTL_ENABLE_DEBUG_INFO = NO;
				SDKROOT = iphoneos;
				SWIFT_OPTIMIZATION_LEVEL = "-Owholemodule";
				TARGETED_DEVICE_FAMILY = "1,2";
				VALIDATE_PRODUCT = YES;
			};
			name = Release;
		};
		21360C461D4F1C2C000AB864 /* Debug */ = {
			isa = XCBuildConfiguration;
			buildSettings = {
				ASSETCATALOG_COMPILER_APPICON_NAME = AppIcon;
				DEVELOPMENT_TEAM = 4S6RANP998;
				INFOPLIST_FILE = "Memorable Places/Info.plist";
				IPHONEOS_DEPLOYMENT_TARGET = 9.2;
				LD_RUNPATH_SEARCH_PATHS = "$(inherited) @executable_path/Frameworks";
				PRODUCT_BUNDLE_IDENTIFIER = "com.gursoyhc.Memorable-Places";
				PRODUCT_NAME = "$(TARGET_NAME)";
				SWIFT_VERSION = 3.0;
			};
			name = Debug;
		};
		21360C471D4F1C2C000AB864 /* Release */ = {
			isa = XCBuildConfiguration;
			buildSettings = {
				ASSETCATALOG_COMPILER_APPICON_NAME = AppIcon;
				DEVELOPMENT_TEAM = 4S6RANP998;
				INFOPLIST_FILE = "Memorable Places/Info.plist";
				IPHONEOS_DEPLOYMENT_TARGET = 9.2;
				LD_RUNPATH_SEARCH_PATHS = "$(inherited) @executable_path/Frameworks";
				PRODUCT_BUNDLE_IDENTIFIER = "com.gursoyhc.Memorable-Places";
				PRODUCT_NAME = "$(TARGET_NAME)";
				SWIFT_VERSION = 3.0;
			};
			name = Release;
		};
/* End XCBuildConfiguration section */

/* Begin XCConfigurationList section */
		21360C2E1D4F1C2C000AB864 /* Build configuration list for PBXProject "Memorable Places" */ = {
			isa = XCConfigurationList;
			buildConfigurations = (
				21360C431D4F1C2C000AB864 /* Debug */,
				21360C441D4F1C2C000AB864 /* Release */,
			);
			defaultConfigurationIsVisible = 0;
			defaultConfigurationName = Release;
		};
		21360C451D4F1C2C000AB864 /* Build configuration list for PBXNativeTarget "Memorable Places" */ = {
			isa = XCConfigurationList;
			buildConfigurations = (
				21360C461D4F1C2C000AB864 /* Debug */,
				21360C471D4F1C2C000AB864 /* Release */,
			);
			defaultConfigurationIsVisible = 0;
			defaultConfigurationName = Release;
		};
/* End XCConfigurationList section */

/* Begin XCVersionGroup section */
		2186727B1D6408FD00359C5E /* Memorable_Places.xcdatamodeld */ = {
			isa = XCVersionGroup;
			children = (
				2186727C1D6408FD00359C5E /* Memorable_Places.xcdatamodel */,
			);
			currentVersion = 2186727C1D6408FD00359C5E /* Memorable_Places.xcdatamodel */;
			path = Memorable_Places.xcdatamodeld;
			sourceTree = "<group>";
			versionGroupType = wrapper.xcdatamodel;
		};
/* End XCVersionGroup section */
	};
	rootObject = 21360C2B1D4F1C2C000AB864 /* Project object */;
}
